
Microsoft Visual Studio Solution File, Format Version 12.00
# Visual Studio Version 17
VisualStudioVersion = 17.9.34714.143
MinimumVisualStudioVersion = 10.0.40219.1
Project("{FAE04EC0-301F-11D3-BF4B-00C04F79EFBC}") = "EventsAgan", "EventsAgan\EventsAgan.csproj", "{747BEB64-1AE8-41D5-B8BB-DCA097610C74}"
EndProject
Global
	GlobalSection(SolutionConfigurationPlatforms) = preSolution
		Debug|Any CPU = Debug|Any CPU
		Release|Any CPU = Release|Any CPU
	EndGlobalSection
	GlobalSection(ProjectConfigurationPlatforms) = postSolution
		{747BEB64-1AE8-41D5-B8BB-DCA097610C74}.Debug|Any CPU.ActiveCfg = Debug|Any CPU
		{747BEB64-1AE8-41D5-B8BB-DCA097610C74}.Debug|Any CPU.Build.0 = Debug|Any CPU
		{747BEB64-1AE8-41D5-B8BB-DCA097610C74}.Release|Any CPU.ActiveCfg = Release|Any CPU
		{747BEB64-1AE8-41D5-B8BB-DCA097610C74}.Release|Any CPU.Build.0 = Release|Any CPU
	EndGlobalSection
	GlobalSection(SolutionProperties) = preSolution
		HideSolutionNode = FALSE
	EndGlobalSection
	GlobalSection(ExtensibilityGlobals) = postSolution
		SolutionGuid = {7E8005CF-A454-44D2-9AE2-4AB3D1850917}
	EndGlobalSection
EndGlobal
